// !$*UTF8*$!
{
	archiveVersion = 1;
	classes = {
	};
	objectVersion = 50;
	objects = {

/* Begin PBXBuildFile section */
		99FDB01123ACA1FE00186FF5 /* AppDelegate.swift in Sources */ = {isa = PBXBuildFile; fileRef = 99FDB01023ACA1FE00186FF5 /* AppDelegate.swift */; };
		99FDB01323ACA1FE00186FF5 /* ViewController.swift in Sources */ = {isa = PBXBuildFile; fileRef = 99FDB01223ACA1FE00186FF5 /* ViewController.swift */; };
		99FDB01623ACA1FE00186FF5 /* Main.storyboard in Resources */ = {isa = PBXBuildFile; fileRef = 99FDB01423ACA1FE00186FF5 /* Main.storyboard */; };
		99FDB01823ACA20000186FF5 /* Assets.xcassets in Resources */ = {isa = PBXBuildFile; fileRef = 99FDB01723ACA20000186FF5 /* Assets.xcassets */; };
		99FDB01B23ACA20000186FF5 /* LaunchScreen.storyboard in Resources */ = {isa = PBXBuildFile; fileRef = 99FDB01923ACA20000186FF5 /* LaunchScreen.storyboard */; };
		99FDB02623ACA20000186FF5 /* FinalExamPart1Tests.swift in Sources */ = {isa = PBXBuildFile; fileRef = 99FDB02523ACA20000186FF5 /* FinalExamPart1Tests.swift */; };
		99FDB03123ACA20000186FF5 /* FinalExamPart1UITests.swift in Sources */ = {isa = PBXBuildFile; fileRef = 99FDB03023ACA20000186FF5 /* FinalExamPart1UITests.swift */; };
/* End PBXBuildFile section */

/* Begin PBXContainerItemProxy section */
		99FDB02223ACA20000186FF5 /* PBXContainerItemProxy */ = {
			isa = PBXContainerItemProxy;
			containerPortal = 99FDB00523ACA1FD00186FF5 /* Project object */;
			proxyType = 1;
			remoteGlobalIDString = 99FDB00C23ACA1FD00186FF5;
			remoteInfo = FinalExamPart1;
		};
		99FDB02D23ACA20000186FF5 /* PBXContainerItemProxy */ = {
			isa = PBXContainerItemProxy;
			containerPortal = 99FDB00523ACA1FD00186FF5 /* Project object */;
			proxyType = 1;
			remoteGlobalIDString = 99FDB00C23ACA1FD00186FF5;
			remoteInfo = FinalExamPart1;
		};
/* End PBXContainerItemProxy section */

/* Begin PBXFileReference section */
		99FDB00D23ACA1FE00186FF5 /* FinalExamPart1.app */ = {isa = PBXFileReference; explicitFileType = wrapper.application; includeInIndex = 0; path = FinalExamPart1.app; sourceTree = BUILT_PRODUCTS_DIR; };
		99FDB01023ACA1FE00186FF5 /* AppDelegate.swift */ = {isa = PBXFileReference; lastKnownFileType = sourcecode.swift; path = AppDelegate.swift; sourceTree = "<group>"; };
		99FDB01223ACA1FE00186FF5 /* ViewController.swift */ = {isa = PBXFileReference; lastKnownFileType = sourcecode.swift; path = ViewController.swift; sourceTree = "<group>"; };
		99FDB01523ACA1FE00186FF5 /* Base */ = {isa = PBXFileReference; lastKnownFileType = file.storyboard; name = Base; path = Base.lproj/Main.storyboard; sourceTree = "<group>"; };
		99FDB01723ACA20000186FF5 /* Assets.xcassets */ = {isa = PBXFileReference; lastKnownFileType = folder.assetcatalog; path = Assets.xcassets; sourceTree = "<group>"; };
		99FDB01A23ACA20000186FF5 /* Base */ = {isa = PBXFileReference; lastKnownFileType = file.storyboard; name = Base; path = Base.lproj/LaunchScreen.storyboard; sourceTree = "<group>"; };
		99FDB01C23ACA20000186FF5 /* Info.plist */ = {isa = PBXFileReference; lastKnownFileType = text.plist.xml; path = Info.plist; sourceTree = "<group>"; };
		99FDB02123ACA20000186FF5 /* FinalExamPart1Tests.xctest */ = {isa = PBXFileReference; explicitFileType = wrapper.cfbundle; includeInIndex = 0; path = FinalExamPart1Tests.xctest; sourceTree = BUILT_PRODUCTS_DIR; };
		99FDB02523ACA20000186FF5 /* FinalExamPart1Tests.swift */ = {isa = PBXFileReference; lastKnownFileType = sourcecode.swift; path = FinalExamPart1Tests.swift; sourceTree = "<group>"; };
		99FDB02723ACA20000186FF5 /* Info.plist */ = {isa = PBXFileReference; lastKnownFileType = text.plist.xml; path = Info.plist; sourceTree = "<group>"; };
		99FDB02C23ACA20000186FF5 /* FinalExamPart1UITests.xctest */ = {isa = PBXFileReference; explicitFileType = wrapper.cfbundle; includeInIndex = 0; path = FinalExamPart1UITests.xctest; sourceTree = BUILT_PRODUCTS_DIR; };
		99FDB03023ACA20000186FF5 /* FinalExamPart1UITests.swift */ = {isa = PBXFileReference; lastKnownFileType = sourcecode.swift; path = FinalExamPart1UITests.swift; sourceTree = "<group>"; };
		99FDB03223ACA20000186FF5 /* Info.plist */ = {isa = PBXFileReference; lastKnownFileType = text.plist.xml; path = Info.plist; sourceTree = "<group>"; };
/* End PBXFileReference section */

/* Begin PBXFrameworksBuildPhase section */
		99FDB00A23ACA1FD00186FF5 /* Frameworks */ = {
			isa = PBXFrameworksBuildPhase;
			buildActionMask = 2147483647;
			files = (
			);
			runOnlyForDeploymentPostprocessing = 0;
		};
		99FDB01E23ACA20000186FF5 /* Frameworks */ = {
			isa = PBXFrameworksBuildPhase;
			buildActionMask = 2147483647;
			files = (
			);
			runOnlyForDeploymentPostprocessing = 0;
		};
		99FDB02923ACA20000186FF5 /* Frameworks */ = {
			isa = PBXFrameworksBuildPhase;
			buildActionMask = 2147483647;
			files = (
			);
			runOnlyForDeploymentPostprocessing = 0;
		};
/* End PBXFrameworksBuildPhase section */

/* Begin PBXGroup section */
		99FDB00423ACA1FD00186FF5 = {
			isa = PBXGroup;
			children = (
				99FDB00F23ACA1FE00186FF5 /* FinalExamPart1 */,
				99FDB02423ACA20000186FF5 /* FinalExamPart1Tests */,
				99FDB02F23ACA20000186FF5 /* FinalExamPart1UITests */,
				99FDB00E23ACA1FE00186FF5 /* Products */,
			);
			sourceTree = "<group>";
		};
		99FDB00E23ACA1FE00186FF5 /* Products */ = {
			isa = PBXGroup;
			children = (
				99FDB00D23ACA1FE00186FF5 /* FinalExamPart1.app */,
				99FDB02123ACA20000186FF5 /* FinalExamPart1Tests.xctest */,
				99FDB02C23ACA20000186FF5 /* FinalExamPart1UITests.xctest */,
			);
			name = Products;
			sourceTree = "<group>";
		};
		99FDB00F23ACA1FE00186FF5 /* FinalExamPart1 */ = {
			isa = PBXGroup;
			children = (
				99FDB01023ACA1FE00186FF5 /* AppDelegate.swift */,
				99FDB01223ACA1FE00186FF5 /* ViewController.swift */,
				99FDB01423ACA1FE00186FF5 /* Main.storyboard */,
				99FDB01723ACA20000186FF5 /* Assets.xcassets */,
				99FDB01923ACA20000186FF5 /* LaunchScreen.storyboard */,
				99FDB01C23ACA20000186FF5 /* Info.plist */,
			);
			path = FinalExamPart1;
			sourceTree = "<group>";
		};
		99FDB02423ACA20000186FF5 /* FinalExamPart1Tests */ = {
			isa = PBXGroup;
			children = (
				99FDB02523ACA20000186FF5 /* FinalExamPart1Tests.swift */,
				99FDB02723ACA20000186FF5 /* Info.plist */,
			);
			path = FinalExamPart1Tests;
			sourceTree = "<group>";
		};
		99FDB02F23ACA20000186FF5 /* FinalExamPart1UITests */ = {
			isa = PBXGroup;
			children = (
				99FDB03023ACA20000186FF5 /* FinalExamPart1UITests.swift */,
				99FDB03223ACA20000186FF5 /* Info.plist */,
			);
			path = FinalExamPart1UITests;
			sourceTree = "<group>";
		};
/* End PBXGroup section */

/* Begin PBXNativeTarget section */
		99FDB00C23ACA1FD00186FF5 /* FinalExamPart1 */ = {
			isa = PBXNativeTarget;
			buildConfigurationList = 99FDB03523ACA20000186FF5 /* Build configuration list for PBXNativeTarget "FinalExamPart1" */;
			buildPhases = (
				99FDB00923ACA1FD00186FF5 /* Sources */,
				99FDB00A23ACA1FD00186FF5 /* Frameworks */,
				99FDB00B23ACA1FD00186FF5 /* Resources */,
			);
			buildRules = (
			);
			dependencies = (
			);
			name = FinalExamPart1;
			productName = FinalExamPart1;
			productReference = 99FDB00D23ACA1FE00186FF5 /* FinalExamPart1.app */;
			productType = "com.apple.product-type.application";
		};
		99FDB02023ACA20000186FF5 /* FinalExamPart1Tests */ = {
			isa = PBXNativeTarget;
			buildConfigurationList = 99FDB03823ACA20000186FF5 /* Build configuration list for PBXNativeTarget "FinalExamPart1Tests" */;
			buildPhases = (
				99FDB01D23ACA20000186FF5 /* Sources */,
				99FDB01E23ACA20000186FF5 /* Frameworks */,
				99FDB01F23ACA20000186FF5 /* Resources */,
			);
			buildRules = (
			);
			dependencies = (
				99FDB02323ACA20000186FF5 /* PBXTargetDependency */,
			);
			name = FinalExamPart1Tests;
			productName = FinalExamPart1Tests;
			productReference = 99FDB02123ACA20000186FF5 /* FinalExamPart1Tests.xctest */;
			productType = "com.apple.product-type.bundle.unit-test";
		};
		99FDB02B23ACA20000186FF5 /* FinalExamPart1UITests */ = {
			isa = PBXNativeTarget;
			buildConfigurationList = 99FDB03B23ACA20000186FF5 /* Build configuration list for PBXNativeTarget "FinalExamPart1UITests" */;
			buildPhases = (
				99FDB02823ACA20000186FF5 /* Sources */,
				99FDB02923ACA20000186FF5 /* Frameworks */,
				99FDB02A23ACA20000186FF5 /* Resources */,
			);
			buildRules = (
			);
			dependencies = (
				99FDB02E23ACA20000186FF5 /* PBXTargetDependency */,
			);
			name = FinalExamPart1UITests;
			productName = FinalExamPart1UITests;
			productReference = 99FDB02C23ACA20000186FF5 /* FinalExamPart1UITests.xctest */;
			productType = "com.apple.product-type.bundle.ui-testing";
		};
/* End PBXNativeTarget section */

/* Begin PBXProject section */
		99FDB00523ACA1FD00186FF5 /* Project object */ = {
			isa = PBXProject;
			attributes = {
				LastSwiftUpdateCheck = 1030;
				LastUpgradeCheck = 1030;
				ORGANIZATIONNAME = "Hpyo Hpyo";
				TargetAttributes = {
					99FDB00C23ACA1FD00186FF5 = {
						CreatedOnToolsVersion = 10.3;
					};
					99FDB02023ACA20000186FF5 = {
						CreatedOnToolsVersion = 10.3;
						TestTargetID = 99FDB00C23ACA1FD00186FF5;
					};
					99FDB02B23ACA20000186FF5 = {
						CreatedOnToolsVersion = 10.3;
						TestTargetID = 99FDB00C23ACA1FD00186FF5;
					};
				};
			};
			buildConfigurationList = 99FDB00823ACA1FD00186FF5 /* Build configuration list for PBXProject "FinalExamPart1" */;
			compatibilityVersion = "Xcode 9.3";
			developmentRegion = en;
			hasScannedForEncodings = 0;
			knownRegions = (
				en,
				Base,
			);
			mainGroup = 99FDB00423ACA1FD00186FF5;
			productRefGroup = 99FDB00E23ACA1FE00186FF5 /* Products */;
			projectDirPath = "";
			projectRoot = "";
			targets = (
				99FDB00C23ACA1FD00186FF5 /* FinalExamPart1 */,
				99FDB02023ACA20000186FF5 /* FinalExamPart1Tests */,
				99FDB02B23ACA20000186FF5 /* FinalExamPart1UITests */,
			);
		};
/* End PBXProject section */

/* Begin PBXResourcesBuildPhase section */
		99FDB00B23ACA1FD00186FF5 /* Resources */ = {
			isa = PBXResourcesBuildPhase;
			buildActionMask = 2147483647;
			files = (
				99FDB01B23ACA20000186FF5 /* LaunchScreen.storyboard in Resources */,
				99FDB01823ACA20000186FF5 /* Assets.xcassets in Resources */,
				99FDB01623ACA1FE00186FF5 /* Main.storyboard in Resources */,
			);
			runOnlyForDeploymentPostprocessing = 0;
		};
		99FDB01F23ACA20000186FF5 /* Resources */ = {
			isa = PBXResourcesBuildPhase;
			buildActionMask = 2147483647;
			files = (
			);
			runOnlyForDeploymentPostprocessing = 0;
		};
		99FDB02A23ACA20000186FF5 /* Resources */ = {
			isa = PBXResourcesBuildPhase;
			buildActionMask = 2147483647;
			files = (
			);
			runOnlyForDeploymentPostprocessing = 0;
		};
/* End PBXResourcesBuildPhase section */

/* Begin PBXSourcesBuildPhase section */
		99FDB00923ACA1FD00186FF5 /* Sources */ = {
			isa = PBXSourcesBuildPhase;
			buildActionMask = 2147483647;
			files = (
				99FDB01323ACA1FE00186FF5 /* ViewController.swift in Sources */,
				99FDB01123ACA1FE00186FF5 /* AppDelegate.swift in Sources */,
			);
			runOnlyForDeploymentPostprocessing = 0;
		};
		99FDB01D23ACA20000186FF5 /* Sources */ = {
			isa = PBXSourcesBuildPhase;
			buildActionMask = 2147483647;
			files = (
				99FDB02623ACA20000186FF5 /* FinalExamPart1Tests.swift in Sources */,
			);
			runOnlyForDeploymentPostprocessing = 0;
		};
		99FDB02823ACA20000186FF5 /* Sources */ = {
			isa = PBXSourcesBuildPhase;
			buildActionMask = 2147483647;
			files = (
				99FDB03123ACA20000186FF5 /* FinalExamPart1UITests.swift in Sources */,
			);
			runOnlyForDeploymentPostprocessing = 0;
		};
/* End PBXSourcesBuildPhase section */

/* Begin PBXTargetDependency section */
		99FDB02323ACA20000186FF5 /* PBXTargetDependency */ = {
			isa = PBXTargetDependency;
			target = 99FDB00C23ACA1FD00186FF5 /* FinalExamPart1 */;
			targetProxy = 99FDB02223ACA20000186FF5 /* PBXContainerItemProxy */;
		};
		99FDB02E23ACA20000186FF5 /* PBXTargetDependency */ = {
			isa = PBXTargetDependency;
			target = 99FDB00C23ACA1FD00186FF5 /* FinalExamPart1 */;
			targetProxy = 99FDB02D23ACA20000186FF5 /* PBXContainerItemProxy */;
		};
/* End PBXTargetDependency section */

/* Begin PBXVariantGroup section */
		99FDB01423ACA1FE00186FF5 /* Main.storyboard */ = {
			isa = PBXVariantGroup;
			children = (
				99FDB01523ACA1FE00186FF5 /* Base */,
			);
			name = Main.storyboard;
			sourceTree = "<group>";
		};
		99FDB01923ACA20000186FF5 /* LaunchScreen.storyboard */ = {
			isa = PBXVariantGroup;
			children = (
				99FDB01A23ACA20000186FF5 /* Base */,
			);
			name = LaunchScreen.storyboard;
			sourceTree = "<group>";
		};
/* End PBXVariantGroup section */

/* Begin XCBuildConfiguration section */
		99FDB03323ACA20000186FF5 /* Debug */ = {
			isa = XCBuildConfiguration;
			buildSettings = {
				ALWAYS_SEARCH_USER_PATHS = NO;
				CLANG_ANALYZER_NONNULL = YES;
				CLANG_ANALYZER_NUMBER_OBJECT_CONVERSION = YES_AGGRESSIVE;
				CLANG_CXX_LANGUAGE_STANDARD = "gnu++14";
				CLANG_CXX_LIBRARY = "libc++";
				CLANG_ENABLE_MODULES = YES;
				CLANG_ENABLE_OBJC_ARC = YES;
				CLANG_ENABLE_OBJC_WEAK = YES;
				CLANG_WARN_BLOCK_CAPTURE_AUTORELEASING = YES;
				CLANG_WARN_BOOL_CONVERSION = YES;
				CLANG_WARN_COMMA = YES;
				CLANG_WARN_CONSTANT_CONVERSION = YES;
				CLANG_WARN_DEPRECATED_OBJC_IMPLEMENTATIONS = YES;
				CLANG_WARN_DIRECT_OBJC_ISA_USAGE = YES_ERROR;
				CLANG_WARN_DOCUMENTATION_COMMENTS = YES;
				CLANG_WARN_EMPTY_BODY = YES;
				CLANG_WARN_ENUM_CONVERSION = YES;
				CLANG_WARN_INFINITE_RECURSION = YES;
				CLANG_WARN_INT_CONVERSION = YES;
				CLANG_WARN_NON_LITERAL_NULL_CONVERSION = YES;
				CLANG_WARN_OBJC_IMPLICIT_RETAIN_SELF = YES;
				CLANG_WARN_OBJC_LITERAL_CONVERSION = YES;
				CLANG_WARN_OBJC_ROOT_CLASS = YES_ERROR;
				CLANG_WARN_RANGE_LOOP_ANALYSIS = YES;
				CLANG_WARN_STRICT_PROTOTYPES = YES;
				CLANG_WARN_SUSPICIOUS_MOVE = YES;
				CLANG_WARN_UNGUARDED_AVAILABILITY = YES_AGGRESSIVE;
				CLANG_WARN_UNREACHABLE_CODE = YES;
				CLANG_WARN__DUPLICATE_METHOD_MATCH = YES;
				CODE_SIGN_IDENTITY = "iPhone Developer";
				COPY_PHASE_STRIP = NO;
				DEBUG_INFORMATION_FORMAT = dwarf;
				ENABLE_STRICT_OBJC_MSGSEND = YES;
				ENABLE_TESTABILITY = YES;
				GCC_C_LANGUAGE_STANDARD = gnu11;
				GCC_DYNAMIC_NO_PIC = NO;
				GCC_NO_COMMON_BLOCKS = YES;
				GCC_OPTIMIZATION_LEVEL = 0;
				GCC_PREPROCESSOR_DEFINITIONS = (
					"DEBUG=1",
					"$(inherited)",
				);
				GCC_WARN_64_TO_32_BIT_CONVERSION = YES;
				GCC_WARN_ABOUT_RETURN_TYPE = YES_ERROR;
				GCC_WARN_UNDECLARED_SELECTOR = YES;
				GCC_WARN_UNINITIALIZED_AUTOS = YES_AGGRESSIVE;
				GCC_WARN_UNUSED_FUNCTION = YES;
				GCC_WARN_UNUSED_VARIABLE = YES;
				IPHONEOS_DEPLOYMENT_TARGET = 12.4;
				MTL_ENABLE_DEBUG_INFO = INCLUDE_SOURCE;
				MTL_FAST_MATH = YES;
				ONLY_ACTIVE_ARCH = YES;
				SDKROOT = iphoneos;
				SWIFT_ACTIVE_COMPILATION_CONDITIONS = DEBUG;
				SWIFT_OPTIMIZATION_LEVEL = "-Onone";
			};
			name = Debug;
		};
		99FDB03423ACA20000186FF5 /* Release */ = {
			isa = XCBuildConfiguration;
			buildSettings = {
				ALWAYS_SEARCH_USER_PATHS = NO;
				CLANG_ANALYZER_NONNULL = YES;
				CLANG_ANALYZER_NUMBER_OBJECT_CONVERSION = YES_AGGRESSIVE;
				CLANG_CXX_LANGUAGE_STANDARD = "gnu++14";
				CLANG_CXX_LIBRARY = "libc++";
				CLANG_ENABLE_MODULES = YES;
				CLANG_ENABLE_OBJC_ARC = YES;
				CLANG_ENABLE_OBJC_WEAK = YES;
				CLANG_WARN_BLOCK_CAPTURE_AUTORELEASING = YES;
				CLANG_WARN_BOOL_CONVERSION = YES;
				CLANG_WARN_COMMA = YES;
				CLANG_WARN_CONSTANT_CONVERSION = YES;
				CLANG_WARN_DEPRECATED_OBJC_IMPLEMENTATIONS = YES;
				CLANG_WARN_DIRECT_OBJC_ISA_USAGE = YES_ERROR;
				CLANG_WARN_DOCUMENTATION_COMMENTS = YES;
				CLANG_WARN_EMPTY_BODY = YES;
				CLANG_WARN_ENUM_CONVERSION = YES;
				CLANG_WARN_INFINITE_RECURSION = YES;
				CLANG_WARN_INT_CONVERSION = YES;
				CLANG_WARN_NON_LITERAL_NULL_CONVERSION = YES;
				CLANG_WARN_OBJC_IMPLICIT_RETAIN_SELF = YES;
				CLANG_WARN_OBJC_LITERAL_CONVERSION = YES;
				CLANG_WARN_OBJC_ROOT_CLASS = YES_ERROR;
				CLANG_WARN_RANGE_LOOP_ANALYSIS = YES;
				CLANG_WARN_STRICT_PROTOTYPES = YES;
				CLANG_WARN_SUSPICIOUS_MOVE = YES;
				CLANG_WARN_UNGUARDED_AVAILABILITY = YES_AGGRESSIVE;
				CLANG_WARN_UNREACHABLE_CODE = YES;
				CLANG_WARN__DUPLICATE_METHOD_MATCH = YES;
				CODE_SIGN_IDENTITY = "iPhone Developer";
				COPY_PHASE_STRIP = NO;
				DEBUG_INFORMATION_FORMAT = "dwarf-with-dsym";
				ENABLE_NS_ASSERTIONS = NO;
				ENABLE_STRICT_OBJC_MSGSEND = YES;
				GCC_C_LANGUAGE_STANDARD = gnu11;
				GCC_NO_COMMON_BLOCKS = YES;
				GCC_WARN_64_TO_32_BIT_CONVERSION = YES;
				GCC_WARN_ABOUT_RETURN_TYPE = YES_ERROR;
				GCC_WARN_UNDECLARED_SELECTOR = YES;
				GCC_WARN_UNINITIALIZED_AUTOS = YES_AGGRESSIVE;
				GCC_WARN_UNUSED_FUNCTION = YES;
				GCC_WARN_UNUSED_VARIABLE = YES;
				IPHONEOS_DEPLOYMENT_TARGET = 12.4;
				MTL_ENABLE_DEBUG_INFO = NO;
				MTL_FAST_MATH = YES;
				SDKROOT = iphoneos;
				SWIFT_COMPILATION_MODE = wholemodule;
				SWIFT_OPTIMIZATION_LEVEL = "-O";
				VALIDATE_PRODUCT = YES;
			};
			name = Release;
		};
		99FDB03623ACA20000186FF5 /* Debug */ = {
			isa = XCBuildConfiguration;
			buildSettings = {
				ASSETCATALOG_COMPILER_APPICON_NAME = AppIcon;
				CODE_SIGN_STYLE = Automatic;
				INFOPLIST_FILE = FinalExamPart1/Info.plist;
				LD_RUNPATH_SEARCH_PATHS = (
					"$(inherited)",
					"@executable_path/Frameworks",
				);
				PRODUCT_BUNDLE_IDENTIFIER = HH.FinalExamPart1;
				PRODUCT_NAME = "$(TARGET_NAME)";
				SWIFT_VERSION = 5.0;
				TARGETED_DEVICE_FAMILY = "1,2";
			};
			name = Debug;
		};
		99FDB03723ACA20000186FF5 /* Release */ = {
			isa = XCBuildConfiguration;
			buildSettings = {
				ASSETCATALOG_COMPILER_APPICON_NAME = AppIcon;
				CODE_SIGN_STYLE = Automatic;
				INFOPLIST_FILE = FinalExamPart1/Info.plist;
				LD_RUNPATH_SEARCH_PATHS = (
					"$(inherited)",
					"@executable_path/Frameworks",
				);
				PRODUCT_BUNDLE_IDENTIFIER = HH.FinalExamPart1;
				PRODUCT_NAME = "$(TARGET_NAME)";
				SWIFT_VERSION = 5.0;
				TARGETED_DEVICE_FAMILY = "1,2";
			};
			name = Release;
		};
		99FDB03923ACA20000186FF5 /* Debug */ = {
			isa = XCBuildConfiguration;
			buildSettings = {
				ALWAYS_EMBED_SWIFT_STANDARD_LIBRARIES = YES;
				BUNDLE_LOADER = "$(TEST_HOST)";
				CODE_SIGN_STYLE = Automatic;
				INFOPLIST_FILE = FinalExamPart1Tests/Info.plist;
				LD_RUNPATH_SEARCH_PATHS = (
					"$(inherited)",
					"@executable_path/Frameworks",
					"@loader_path/Frameworks",
				);
				PRODUCT_BUNDLE_IDENTIFIER = HH.FinalExamPart1Tests;
				PRODUCT_NAME = "$(TARGET_NAME)";
				SWIFT_VERSION = 5.0;
				TARGETED_DEVICE_FAMILY = "1,2";
				TEST_HOST = "$(BUILT_PRODUCTS_DIR)/FinalExamPart1.app/FinalExamPart1";
			};
			name = Debug;
		};
		99FDB03A23ACA20000186FF5 /* Release */ = {
			isa = XCBuildConfiguration;
			buildSettings = {
				ALWAYS_EMBED_SWIFT_STANDARD_LIBRARIES = YES;
				BUNDLE_LOADER = "$(TEST_HOST)";
				CODE_SIGN_STYLE = Automatic;
				INFOPLIST_FILE = FinalExamPart1Tests/Info.plist;
				LD_RUNPATH_SEARCH_PATHS = (
					"$(inherited)",
					"@executable_path/Frameworks",
					"@loader_path/Frameworks",
				);
				PRODUCT_BUNDLE_IDENTIFIER = HH.FinalExamPart1Tests;
				PRODUCT_NAME = "$(TARGET_NAME)";
				SWIFT_VERSION = 5.0;
				TARGETED_DEVICE_FAMILY = "1,2";
				TEST_HOST = "$(BUILT_PRODUCTS_DIR)/FinalExamPart1.app/FinalExamPart1";
			};
			name = Release;
		};
		99FDB03C23ACA20000186FF5 /* Debug */ = {
			isa = XCBuildConfiguration;
			buildSettings = {
				ALWAYS_EMBED_SWIFT_STANDARD_LIBRARIES = YES;
				CODE_SIGN_STYLE = Automatic;
				INFOPLIST_FILE = FinalExamPart1UITests/Info.plist;
				LD_RUNPATH_SEARCH_PATHS = (
					"$(inherited)",
					"@executable_path/Frameworks",
					"@loader_path/Frameworks",
				);
				PRODUCT_BUNDLE_IDENTIFIER = HH.FinalExamPart1UITests;
				PRODUCT_NAME = "$(TARGET_NAME)";
				SWIFT_VERSION = 5.0;
				TARGETED_DEVICE_FAMILY = "1,2";
				TEST_TARGET_NAME = FinalExamPart1;
			};
			name = Debug;
		};
		99FDB03D23ACA20000186FF5 /* Release */ = {
			isa = XCBuildConfiguration;
			buildSettings = {
				ALWAYS_EMBED_SWIFT_STANDARD_LIBRARIES = YES;
				CODE_SIGN_STYLE = Automatic;
				INFOPLIST_FILE = FinalExamPart1UITests/Info.plist;
				LD_RUNPATH_SEARCH_PATHS = (
					"$(inherited)",
					"@executable_path/Frameworks",
					"@loader_path/Frameworks",
				);
				PRODUCT_BUNDLE_IDENTIFIER = HH.FinalExamPart1UITests;
				PRODUCT_NAME = "$(TARGET_NAME)";
				SWIFT_VERSION = 5.0;
				TARGETED_DEVICE_FAMILY = "1,2";
				TEST_TARGET_NAME = FinalExamPart1;
			};
			name = Release;
		};
/* End XCBuildConfiguration section */

/* Begin XCConfigurationList section */
		99FDB00823ACA1FD00186FF5 /* Build configuration list for PBXProject "FinalExamPart1" */ = {
			isa = XCConfigurationList;
			buildConfigurations = (
				99FDB03323ACA20000186FF5 /* Debug */,
				99FDB03423ACA20000186FF5 /* Release */,
			);
			defaultConfigurationIsVisible = 0;
			defaultConfigurationName = Release;
		};
		99FDB03523ACA20000186FF5 /* Build configuration list for PBXNativeTarget "FinalExamPart1" */ = {
			isa = XCConfigurationList;
			buildConfigurations = (
				99FDB03623ACA20000186FF5 /* Debug */,
				99FDB03723ACA20000186FF5 /* Release */,
			);
			defaultConfigurationIsVisible = 0;
			defaultConfigurationName = Release;
		};
		99FDB03823ACA20000186FF5 /* Build configuration list for PBXNativeTarget "FinalExamPart1Tests" */ = {
			isa = XCConfigurationList;
			buildConfigurations = (
				99FDB03923ACA20000186FF5 /* Debug */,
				99FDB03A23ACA20000186FF5 /* Release */,
			);
			defaultConfigurationIsVisible = 0;
			defaultConfigurationName = Release;
		};
		99FDB03B23ACA20000186FF5 /* Build configuration list for PBXNativeTarget "FinalExamPart1UITests" */ = {
			isa = XCConfigurationList;
			buildConfigurations = (
				99FDB03C23ACA20000186FF5 /* Debug */,
				99FDB03D23ACA20000186FF5 /* Release */,
			);
			defaultConfigurationIsVisible = 0;
			defaultConfigurationName = Release;
		};
/* End XCConfigurationList section */
	};
	rootObject = 99FDB00523ACA1FD00186FF5 /* Project object */;
}
