// !$*UTF8*$!
{
	archiveVersion = 1;
	classes = {
	};
	objectVersion = 50;
	objects = {

/* Begin PBXBuildFile section */
		9971F66A23AC7FE300FA1B87 /* AppDelegate.swift in Sources */ = {isa = PBXBuildFile; fileRef = 9971F66923AC7FE300FA1B87 /* AppDelegate.swift */; };
		9971F66C23AC7FE300FA1B87 /* ViewController.swift in Sources */ = {isa = PBXBuildFile; fileRef = 9971F66B23AC7FE300FA1B87 /* ViewController.swift */; };
		9971F66F23AC7FE300FA1B87 /* Main.storyboard in Resources */ = {isa = PBXBuildFile; fileRef = 9971F66D23AC7FE300FA1B87 /* Main.storyboard */; };
		9971F67123AC7FE400FA1B87 /* Assets.xcassets in Resources */ = {isa = PBXBuildFile; fileRef = 9971F67023AC7FE400FA1B87 /* Assets.xcassets */; };
		9971F67423AC7FE400FA1B87 /* LaunchScreen.storyboard in Resources */ = {isa = PBXBuildFile; fileRef = 9971F67223AC7FE400FA1B87 /* LaunchScreen.storyboard */; };
		9971F67F23AC7FE400FA1B87 /* FinalExamPart3Tests.swift in Sources */ = {isa = PBXBuildFile; fileRef = 9971F67E23AC7FE400FA1B87 /* FinalExamPart3Tests.swift */; };
		9971F68A23AC7FE400FA1B87 /* FinalExamPart3UITests.swift in Sources */ = {isa = PBXBuildFile; fileRef = 9971F68923AC7FE400FA1B87 /* FinalExamPart3UITests.swift */; };
/* End PBXBuildFile section */

/* Begin PBXContainerItemProxy section */
		9971F67B23AC7FE400FA1B87 /* PBXContainerItemProxy */ = {
			isa = PBXContainerItemProxy;
			containerPortal = 9971F65E23AC7FE300FA1B87 /* Project object */;
			proxyType = 1;
			remoteGlobalIDString = 9971F66523AC7FE300FA1B87;
			remoteInfo = FinalExamPart3;
		};
		9971F68623AC7FE400FA1B87 /* PBXContainerItemProxy */ = {
			isa = PBXContainerItemProxy;
			containerPortal = 9971F65E23AC7FE300FA1B87 /* Project object */;
			proxyType = 1;
			remoteGlobalIDString = 9971F66523AC7FE300FA1B87;
			remoteInfo = FinalExamPart3;
		};
/* End PBXContainerItemProxy section */

/* Begin PBXFileReference section */
		9971F66623AC7FE300FA1B87 /* FinalExamPart3.app */ = {isa = PBXFileReference; explicitFileType = wrapper.application; includeInIndex = 0; path = FinalExamPart3.app; sourceTree = BUILT_PRODUCTS_DIR; };
		9971F66923AC7FE300FA1B87 /* AppDelegate.swift */ = {isa = PBXFileReference; lastKnownFileType = sourcecode.swift; path = AppDelegate.swift; sourceTree = "<group>"; };
		9971F66B23AC7FE300FA1B87 /* ViewController.swift */ = {isa = PBXFileReference; lastKnownFileType = sourcecode.swift; path = ViewController.swift; sourceTree = "<group>"; };
		9971F66E23AC7FE300FA1B87 /* Base */ = {isa = PBXFileReference; lastKnownFileType = file.storyboard; name = Base; path = Base.lproj/Main.storyboard; sourceTree = "<group>"; };
		9971F67023AC7FE400FA1B87 /* Assets.xcassets */ = {isa = PBXFileReference; lastKnownFileType = folder.assetcatalog; path = Assets.xcassets; sourceTree = "<group>"; };
		9971F67323AC7FE400FA1B87 /* Base */ = {isa = PBXFileReference; lastKnownFileType = file.storyboard; name = Base; path = Base.lproj/LaunchScreen.storyboard; sourceTree = "<group>"; };
		9971F67523AC7FE400FA1B87 /* Info.plist */ = {isa = PBXFileReference; lastKnownFileType = text.plist.xml; path = Info.plist; sourceTree = "<group>"; };
		9971F67A23AC7FE400FA1B87 /* FinalExamPart3Tests.xctest */ = {isa = PBXFileReference; explicitFileType = wrapper.cfbundle; includeInIndex = 0; path = FinalExamPart3Tests.xctest; sourceTree = BUILT_PRODUCTS_DIR; };
		9971F67E23AC7FE400FA1B87 /* FinalExamPart3Tests.swift */ = {isa = PBXFileReference; lastKnownFileType = sourcecode.swift; path = FinalExamPart3Tests.swift; sourceTree = "<group>"; };
		9971F68023AC7FE400FA1B87 /* Info.plist */ = {isa = PBXFileReference; lastKnownFileType = text.plist.xml; path = Info.plist; sourceTree = "<group>"; };
		9971F68523AC7FE400FA1B87 /* FinalExamPart3UITests.xctest */ = {isa = PBXFileReference; explicitFileType = wrapper.cfbundle; includeInIndex = 0; path = FinalExamPart3UITests.xctest; sourceTree = BUILT_PRODUCTS_DIR; };
		9971F68923AC7FE400FA1B87 /* FinalExamPart3UITests.swift */ = {isa = PBXFileReference; lastKnownFileType = sourcecode.swift; path = FinalExamPart3UITests.swift; sourceTree = "<group>"; };
		9971F68B23AC7FE400FA1B87 /* Info.plist */ = {isa = PBXFileReference; lastKnownFileType = text.plist.xml; path = Info.plist; sourceTree = "<group>"; };
/* End PBXFileReference section */

/* Begin PBXFrameworksBuildPhase section */
		9971F66323AC7FE300FA1B87 /* Frameworks */ = {
			isa = PBXFrameworksBuildPhase;
			buildActionMask = 2147483647;
			files = (
			);
			runOnlyForDeploymentPostprocessing = 0;
		};
		9971F67723AC7FE400FA1B87 /* Frameworks */ = {
			isa = PBXFrameworksBuildPhase;
			buildActionMask = 2147483647;
			files = (
			);
			runOnlyForDeploymentPostprocessing = 0;
		};
		9971F68223AC7FE400FA1B87 /* Frameworks */ = {
			isa = PBXFrameworksBuildPhase;
			buildActionMask = 2147483647;
			files = (
			);
			runOnlyForDeploymentPostprocessing = 0;
		};
/* End PBXFrameworksBuildPhase section */

/* Begin PBXGroup section */
		9971F65D23AC7FE300FA1B87 = {
			isa = PBXGroup;
			children = (
				9971F66823AC7FE300FA1B87 /* FinalExamPart3 */,
				9971F67D23AC7FE400FA1B87 /* FinalExamPart3Tests */,
				9971F68823AC7FE400FA1B87 /* FinalExamPart3UITests */,
				9971F66723AC7FE300FA1B87 /* Products */,
			);
			sourceTree = "<group>";
		};
		9971F66723AC7FE300FA1B87 /* Products */ = {
			isa = PBXGroup;
			children = (
				9971F66623AC7FE300FA1B87 /* FinalExamPart3.app */,
				9971F67A23AC7FE400FA1B87 /* FinalExamPart3Tests.xctest */,
				9971F68523AC7FE400FA1B87 /* FinalExamPart3UITests.xctest */,
			);
			name = Products;
			sourceTree = "<group>";
		};
		9971F66823AC7FE300FA1B87 /* FinalExamPart3 */ = {
			isa = PBXGroup;
			children = (
				9971F66923AC7FE300FA1B87 /* AppDelegate.swift */,
				9971F66B23AC7FE300FA1B87 /* ViewController.swift */,
				9971F66D23AC7FE300FA1B87 /* Main.storyboard */,
				9971F67023AC7FE400FA1B87 /* Assets.xcassets */,
				9971F67223AC7FE400FA1B87 /* LaunchScreen.storyboard */,
				9971F67523AC7FE400FA1B87 /* Info.plist */,
			);
			path = FinalExamPart3;
			sourceTree = "<group>";
		};
		9971F67D23AC7FE400FA1B87 /* FinalExamPart3Tests */ = {
			isa = PBXGroup;
			children = (
				9971F67E23AC7FE400FA1B87 /* FinalExamPart3Tests.swift */,
				9971F68023AC7FE400FA1B87 /* Info.plist */,
			);
			path = FinalExamPart3Tests;
			sourceTree = "<group>";
		};
		9971F68823AC7FE400FA1B87 /* FinalExamPart3UITests */ = {
			isa = PBXGroup;
			children = (
				9971F68923AC7FE400FA1B87 /* FinalExamPart3UITests.swift */,
				9971F68B23AC7FE400FA1B87 /* Info.plist */,
			);
			path = FinalExamPart3UITests;
			sourceTree = "<group>";
		};
/* End PBXGroup section */

/* Begin PBXNativeTarget section */
		9971F66523AC7FE300FA1B87 /* FinalExamPart3 */ = {
			isa = PBXNativeTarget;
			buildConfigurationList = 9971F68E23AC7FE400FA1B87 /* Build configuration list for PBXNativeTarget "FinalExamPart3" */;
			buildPhases = (
				9971F66223AC7FE300FA1B87 /* Sources */,
				9971F66323AC7FE300FA1B87 /* Frameworks */,
				9971F66423AC7FE300FA1B87 /* Resources */,
			);
			buildRules = (
			);
			dependencies = (
			);
			name = FinalExamPart3;
			productName = FinalExamPart3;
			productReference = 9971F66623AC7FE300FA1B87 /* FinalExamPart3.app */;
			productType = "com.apple.product-type.application";
		};
		9971F67923AC7FE400FA1B87 /* FinalExamPart3Tests */ = {
			isa = PBXNativeTarget;
			buildConfigurationList = 9971F69123AC7FE400FA1B87 /* Build configuration list for PBXNativeTarget "FinalExamPart3Tests" */;
			buildPhases = (
				9971F67623AC7FE400FA1B87 /* Sources */,
				9971F67723AC7FE400FA1B87 /* Frameworks */,
				9971F67823AC7FE400FA1B87 /* Resources */,
			);
			buildRules = (
			);
			dependencies = (
				9971F67C23AC7FE400FA1B87 /* PBXTargetDependency */,
			);
			name = FinalExamPart3Tests;
			productName = FinalExamPart3Tests;
			productReference = 9971F67A23AC7FE400FA1B87 /* FinalExamPart3Tests.xctest */;
			productType = "com.apple.product-type.bundle.unit-test";
		};
		9971F68423AC7FE400FA1B87 /* FinalExamPart3UITests */ = {
			isa = PBXNativeTarget;
			buildConfigurationList = 9971F69423AC7FE400FA1B87 /* Build configuration list for PBXNativeTarget "FinalExamPart3UITests" */;
			buildPhases = (
				9971F68123AC7FE400FA1B87 /* Sources */,
				9971F68223AC7FE400FA1B87 /* Frameworks */,
				9971F68323AC7FE400FA1B87 /* Resources */,
			);
			buildRules = (
			);
			dependencies = (
				9971F68723AC7FE400FA1B87 /* PBXTargetDependency */,
			);
			name = FinalExamPart3UITests;
			productName = FinalExamPart3UITests;
			productReference = 9971F68523AC7FE400FA1B87 /* FinalExamPart3UITests.xctest */;
			productType = "com.apple.product-type.bundle.ui-testing";
		};
/* End PBXNativeTarget section */

/* Begin PBXProject section */
		9971F65E23AC7FE300FA1B87 /* Project object */ = {
			isa = PBXProject;
			attributes = {
				LastSwiftUpdateCheck = 1030;
				LastUpgradeCheck = 1030;
				ORGANIZATIONNAME = "Hpyo Hpyo";
				TargetAttributes = {
					9971F66523AC7FE300FA1B87 = {
						CreatedOnToolsVersion = 10.3;
					};
					9971F67923AC7FE400FA1B87 = {
						CreatedOnToolsVersion = 10.3;
						TestTargetID = 9971F66523AC7FE300FA1B87;
					};
					9971F68423AC7FE400FA1B87 = {
						CreatedOnToolsVersion = 10.3;
						TestTargetID = 9971F66523AC7FE300FA1B87;
					};
				};
			};
			buildConfigurationList = 9971F66123AC7FE300FA1B87 /* Build configuration list for PBXProject "FinalExamPart3" */;
			compatibilityVersion = "Xcode 9.3";
			developmentRegion = en;
			hasScannedForEncodings = 0;
			knownRegions = (
				en,
				Base,
			);
			mainGroup = 9971F65D23AC7FE300FA1B87;
			productRefGroup = 9971F66723AC7FE300FA1B87 /* Products */;
			projectDirPath = "";
			projectRoot = "";
			targets = (
				9971F66523AC7FE300FA1B87 /* FinalExamPart3 */,
				9971F67923AC7FE400FA1B87 /* FinalExamPart3Tests */,
				9971F68423AC7FE400FA1B87 /* FinalExamPart3UITests */,
			);
		};
/* End PBXProject section */

/* Begin PBXResourcesBuildPhase section */
		9971F66423AC7FE300FA1B87 /* Resources */ = {
			isa = PBXResourcesBuildPhase;
			buildActionMask = 2147483647;
			files = (
				9971F67423AC7FE400FA1B87 /* LaunchScreen.storyboard in Resources */,
				9971F67123AC7FE400FA1B87 /* Assets.xcassets in Resources */,
				9971F66F23AC7FE300FA1B87 /* Main.storyboard in Resources */,
			);
			runOnlyForDeploymentPostprocessing = 0;
		};
		9971F67823AC7FE400FA1B87 /* Resources */ = {
			isa = PBXResourcesBuildPhase;
			buildActionMask = 2147483647;
			files = (
			);
			runOnlyForDeploymentPostprocessing = 0;
		};
		9971F68323AC7FE400FA1B87 /* Resources */ = {
			isa = PBXResourcesBuildPhase;
			buildActionMask = 2147483647;
			files = (
			);
			runOnlyForDeploymentPostprocessing = 0;
		};
/* End PBXResourcesBuildPhase section */

/* Begin PBXSourcesBuildPhase section */
		9971F66223AC7FE300FA1B87 /* Sources */ = {
			isa = PBXSourcesBuildPhase;
			buildActionMask = 2147483647;
			files = (
				9971F66C23AC7FE300FA1B87 /* ViewController.swift in Sources */,
				9971F66A23AC7FE300FA1B87 /* AppDelegate.swift in Sources */,
			);
			runOnlyForDeploymentPostprocessing = 0;
		};
		9971F67623AC7FE400FA1B87 /* Sources */ = {
			isa = PBXSourcesBuildPhase;
			buildActionMask = 2147483647;
			files = (
				9971F67F23AC7FE400FA1B87 /* FinalExamPart3Tests.swift in Sources */,
			);
			runOnlyForDeploymentPostprocessing = 0;
		};
		9971F68123AC7FE400FA1B87 /* Sources */ = {
			isa = PBXSourcesBuildPhase;
			buildActionMask = 2147483647;
			files = (
				9971F68A23AC7FE400FA1B87 /* FinalExamPart3UITests.swift in Sources */,
			);
			runOnlyForDeploymentPostprocessing = 0;
		};
/* End PBXSourcesBuildPhase section */

/* Begin PBXTargetDependency section */
		9971F67C23AC7FE400FA1B87 /* PBXTargetDependency */ = {
			isa = PBXTargetDependency;
			target = 9971F66523AC7FE300FA1B87 /* FinalExamPart3 */;
			targetProxy = 9971F67B23AC7FE400FA1B87 /* PBXContainerItemProxy */;
		};
		9971F68723AC7FE400FA1B87 /* PBXTargetDependency */ = {
			isa = PBXTargetDependency;
			target = 9971F66523AC7FE300FA1B87 /* FinalExamPart3 */;
			targetProxy = 9971F68623AC7FE400FA1B87 /* PBXContainerItemProxy */;
		};
/* End PBXTargetDependency section */

/* Begin PBXVariantGroup section */
		9971F66D23AC7FE300FA1B87 /* Main.storyboard */ = {
			isa = PBXVariantGroup;
			children = (
				9971F66E23AC7FE300FA1B87 /* Base */,
			);
			name = Main.storyboard;
			sourceTree = "<group>";
		};
		9971F67223AC7FE400FA1B87 /* LaunchScreen.storyboard */ = {
			isa = PBXVariantGroup;
			children = (
				9971F67323AC7FE400FA1B87 /* Base */,
			);
			name = LaunchScreen.storyboard;
			sourceTree = "<group>";
		};
/* End PBXVariantGroup section */

/* Begin XCBuildConfiguration section */
		9971F68C23AC7FE400FA1B87 /* Debug */ = {
			isa = XCBuildConfiguration;
			buildSettings = {
				ALWAYS_SEARCH_USER_PATHS = NO;
				CLANG_ANALYZER_NONNULL = YES;
				CLANG_ANALYZER_NUMBER_OBJECT_CONVERSION = YES_AGGRESSIVE;
				CLANG_CXX_LANGUAGE_STANDARD = "gnu++14";
				CLANG_CXX_LIBRARY = "libc++";
				CLANG_ENABLE_MODULES = YES;
				CLANG_ENABLE_OBJC_ARC = YES;
				CLANG_ENABLE_OBJC_WEAK = YES;
				CLANG_WARN_BLOCK_CAPTURE_AUTORELEASING = YES;
				CLANG_WARN_BOOL_CONVERSION = YES;
				CLANG_WARN_COMMA = YES;
				CLANG_WARN_CONSTANT_CONVERSION = YES;
				CLANG_WARN_DEPRECATED_OBJC_IMPLEMENTATIONS = YES;
				CLANG_WARN_DIRECT_OBJC_ISA_USAGE = YES_ERROR;
				CLANG_WARN_DOCUMENTATION_COMMENTS = YES;
				CLANG_WARN_EMPTY_BODY = YES;
				CLANG_WARN_ENUM_CONVERSION = YES;
				CLANG_WARN_INFINITE_RECURSION = YES;
				CLANG_WARN_INT_CONVERSION = YES;
				CLANG_WARN_NON_LITERAL_NULL_CONVERSION = YES;
				CLANG_WARN_OBJC_IMPLICIT_RETAIN_SELF = YES;
				CLANG_WARN_OBJC_LITERAL_CONVERSION = YES;
				CLANG_WARN_OBJC_ROOT_CLASS = YES_ERROR;
				CLANG_WARN_RANGE_LOOP_ANALYSIS = YES;
				CLANG_WARN_STRICT_PROTOTYPES = YES;
				CLANG_WARN_SUSPICIOUS_MOVE = YES;
				CLANG_WARN_UNGUARDED_AVAILABILITY = YES_AGGRESSIVE;
				CLANG_WARN_UNREACHABLE_CODE = YES;
				CLANG_WARN__DUPLICATE_METHOD_MATCH = YES;
				CODE_SIGN_IDENTITY = "iPhone Developer";
				COPY_PHASE_STRIP = NO;
				DEBUG_INFORMATION_FORMAT = dwarf;
				ENABLE_STRICT_OBJC_MSGSEND = YES;
				ENABLE_TESTABILITY = YES;
				GCC_C_LANGUAGE_STANDARD = gnu11;
				GCC_DYNAMIC_NO_PIC = NO;
				GCC_NO_COMMON_BLOCKS = YES;
				GCC_OPTIMIZATION_LEVEL = 0;
				GCC_PREPROCESSOR_DEFINITIONS = (
					"DEBUG=1",
					"$(inherited)",
				);
				GCC_WARN_64_TO_32_BIT_CONVERSION = YES;
				GCC_WARN_ABOUT_RETURN_TYPE = YES_ERROR;
				GCC_WARN_UNDECLARED_SELECTOR = YES;
				GCC_WARN_UNINITIALIZED_AUTOS = YES_AGGRESSIVE;
				GCC_WARN_UNUSED_FUNCTION = YES;
				GCC_WARN_UNUSED_VARIABLE = YES;
				IPHONEOS_DEPLOYMENT_TARGET = 12.4;
				MTL_ENABLE_DEBUG_INFO = INCLUDE_SOURCE;
				MTL_FAST_MATH = YES;
				ONLY_ACTIVE_ARCH = YES;
				SDKROOT = iphoneos;
				SWIFT_ACTIVE_COMPILATION_CONDITIONS = DEBUG;
				SWIFT_OPTIMIZATION_LEVEL = "-Onone";
			};
			name = Debug;
		};
		9971F68D23AC7FE400FA1B87 /* Release */ = {
			isa = XCBuildConfiguration;
			buildSettings = {
				ALWAYS_SEARCH_USER_PATHS = NO;
				CLANG_ANALYZER_NONNULL = YES;
				CLANG_ANALYZER_NUMBER_OBJECT_CONVERSION = YES_AGGRESSIVE;
				CLANG_CXX_LANGUAGE_STANDARD = "gnu++14";
				CLANG_CXX_LIBRARY = "libc++";
				CLANG_ENABLE_MODULES = YES;
				CLANG_ENABLE_OBJC_ARC = YES;
				CLANG_ENABLE_OBJC_WEAK = YES;
				CLANG_WARN_BLOCK_CAPTURE_AUTORELEASING = YES;
				CLANG_WARN_BOOL_CONVERSION = YES;
				CLANG_WARN_COMMA = YES;
				CLANG_WARN_CONSTANT_CONVERSION = YES;
				CLANG_WARN_DEPRECATED_OBJC_IMPLEMENTATIONS = YES;
				CLANG_WARN_DIRECT_OBJC_ISA_USAGE = YES_ERROR;
				CLANG_WARN_DOCUMENTATION_COMMENTS = YES;
				CLANG_WARN_EMPTY_BODY = YES;
				CLANG_WARN_ENUM_CONVERSION = YES;
				CLANG_WARN_INFINITE_RECURSION = YES;
				CLANG_WARN_INT_CONVERSION = YES;
				CLANG_WARN_NON_LITERAL_NULL_CONVERSION = YES;
				CLANG_WARN_OBJC_IMPLICIT_RETAIN_SELF = YES;
				CLANG_WARN_OBJC_LITERAL_CONVERSION = YES;
				CLANG_WARN_OBJC_ROOT_CLASS = YES_ERROR;
				CLANG_WARN_RANGE_LOOP_ANALYSIS = YES;
				CLANG_WARN_STRICT_PROTOTYPES = YES;
				CLANG_WARN_SUSPICIOUS_MOVE = YES;
				CLANG_WARN_UNGUARDED_AVAILABILITY = YES_AGGRESSIVE;
				CLANG_WARN_UNREACHABLE_CODE = YES;
				CLANG_WARN__DUPLICATE_METHOD_MATCH = YES;
				CODE_SIGN_IDENTITY = "iPhone Developer";
				COPY_PHASE_STRIP = NO;
				DEBUG_INFORMATION_FORMAT = "dwarf-with-dsym";
				ENABLE_NS_ASSERTIONS = NO;
				ENABLE_STRICT_OBJC_MSGSEND = YES;
				GCC_C_LANGUAGE_STANDARD = gnu11;
				GCC_NO_COMMON_BLOCKS = YES;
				GCC_WARN_64_TO_32_BIT_CONVERSION = YES;
				GCC_WARN_ABOUT_RETURN_TYPE = YES_ERROR;
				GCC_WARN_UNDECLARED_SELECTOR = YES;
				GCC_WARN_UNINITIALIZED_AUTOS = YES_AGGRESSIVE;
				GCC_WARN_UNUSED_FUNCTION = YES;
				GCC_WARN_UNUSED_VARIABLE = YES;
				IPHONEOS_DEPLOYMENT_TARGET = 12.4;
				MTL_ENABLE_DEBUG_INFO = NO;
				MTL_FAST_MATH = YES;
				SDKROOT = iphoneos;
				SWIFT_COMPILATION_MODE = wholemodule;
				SWIFT_OPTIMIZATION_LEVEL = "-O";
				VALIDATE_PRODUCT = YES;
			};
			name = Release;
		};
		9971F68F23AC7FE400FA1B87 /* Debug */ = {
			isa = XCBuildConfiguration;
			buildSettings = {
				ASSETCATALOG_COMPILER_APPICON_NAME = AppIcon;
				CODE_SIGN_STYLE = Automatic;
				INFOPLIST_FILE = FinalExamPart3/Info.plist;
				LD_RUNPATH_SEARCH_PATHS = (
					"$(inherited)",
					"@executable_path/Frameworks",
				);
				PRODUCT_BUNDLE_IDENTIFIER = HH.FinalExamPart3;
				PRODUCT_NAME = "$(TARGET_NAME)";
				SWIFT_VERSION = 5.0;
				TARGETED_DEVICE_FAMILY = "1,2";
			};
			name = Debug;
		};
		9971F69023AC7FE400FA1B87 /* Release */ = {
			isa = XCBuildConfiguration;
			buildSettings = {
				ASSETCATALOG_COMPILER_APPICON_NAME = AppIcon;
				CODE_SIGN_STYLE = Automatic;
				INFOPLIST_FILE = FinalExamPart3/Info.plist;
				LD_RUNPATH_SEARCH_PATHS = (
					"$(inherited)",
					"@executable_path/Frameworks",
				);
				PRODUCT_BUNDLE_IDENTIFIER = HH.FinalExamPart3;
				PRODUCT_NAME = "$(TARGET_NAME)";
				SWIFT_VERSION = 5.0;
				TARGETED_DEVICE_FAMILY = "1,2";
			};
			name = Release;
		};
		9971F69223AC7FE400FA1B87 /* Debug */ = {
			isa = XCBuildConfiguration;
			buildSettings = {
				ALWAYS_EMBED_SWIFT_STANDARD_LIBRARIES = YES;
				BUNDLE_LOADER = "$(TEST_HOST)";
				CODE_SIGN_STYLE = Automatic;
				INFOPLIST_FILE = FinalExamPart3Tests/Info.plist;
				LD_RUNPATH_SEARCH_PATHS = (
					"$(inherited)",
					"@executable_path/Frameworks",
					"@loader_path/Frameworks",
				);
				PRODUCT_BUNDLE_IDENTIFIER = HH.FinalExamPart3Tests;
				PRODUCT_NAME = "$(TARGET_NAME)";
				SWIFT_VERSION = 5.0;
				TARGETED_DEVICE_FAMILY = "1,2";
				TEST_HOST = "$(BUILT_PRODUCTS_DIR)/FinalExamPart3.app/FinalExamPart3";
			};
			name = Debug;
		};
		9971F69323AC7FE400FA1B87 /* Release */ = {
			isa = XCBuildConfiguration;
			buildSettings = {
				ALWAYS_EMBED_SWIFT_STANDARD_LIBRARIES = YES;
				BUNDLE_LOADER = "$(TEST_HOST)";
				CODE_SIGN_STYLE = Automatic;
				INFOPLIST_FILE = FinalExamPart3Tests/Info.plist;
				LD_RUNPATH_SEARCH_PATHS = (
					"$(inherited)",
					"@executable_path/Frameworks",
					"@loader_path/Frameworks",
				);
				PRODUCT_BUNDLE_IDENTIFIER = HH.FinalExamPart3Tests;
				PRODUCT_NAME = "$(TARGET_NAME)";
				SWIFT_VERSION = 5.0;
				TARGETED_DEVICE_FAMILY = "1,2";
				TEST_HOST = "$(BUILT_PRODUCTS_DIR)/FinalExamPart3.app/FinalExamPart3";
			};
			name = Release;
		};
		9971F69523AC7FE400FA1B87 /* Debug */ = {
			isa = XCBuildConfiguration;
			buildSettings = {
				ALWAYS_EMBED_SWIFT_STANDARD_LIBRARIES = YES;
				CODE_SIGN_STYLE = Automatic;
				INFOPLIST_FILE = FinalExamPart3UITests/Info.plist;
				LD_RUNPATH_SEARCH_PATHS = (
					"$(inherited)",
					"@executable_path/Frameworks",
					"@loader_path/Frameworks",
				);
				PRODUCT_BUNDLE_IDENTIFIER = HH.FinalExamPart3UITests;
				PRODUCT_NAME = "$(TARGET_NAME)";
				SWIFT_VERSION = 5.0;
				TARGETED_DEVICE_FAMILY = "1,2";
				TEST_TARGET_NAME = FinalExamPart3;
			};
			name = Debug;
		};
		9971F69623AC7FE400FA1B87 /* Release */ = {
			isa = XCBuildConfiguration;
			buildSettings = {
				ALWAYS_EMBED_SWIFT_STANDARD_LIBRARIES = YES;
				CODE_SIGN_STYLE = Automatic;
				INFOPLIST_FILE = FinalExamPart3UITests/Info.plist;
				LD_RUNPATH_SEARCH_PATHS = (
					"$(inherited)",
					"@executable_path/Frameworks",
					"@loader_path/Frameworks",
				);
				PRODUCT_BUNDLE_IDENTIFIER = HH.FinalExamPart3UITests;
				PRODUCT_NAME = "$(TARGET_NAME)";
				SWIFT_VERSION = 5.0;
				TARGETED_DEVICE_FAMILY = "1,2";
				TEST_TARGET_NAME = FinalExamPart3;
			};
			name = Release;
		};
/* End XCBuildConfiguration section */

/* Begin XCConfigurationList section */
		9971F66123AC7FE300FA1B87 /* Build configuration list for PBXProject "FinalExamPart3" */ = {
			isa = XCConfigurationList;
			buildConfigurations = (
				9971F68C23AC7FE400FA1B87 /* Debug */,
				9971F68D23AC7FE400FA1B87 /* Release */,
			);
			defaultConfigurationIsVisible = 0;
			defaultConfigurationName = Release;
		};
		9971F68E23AC7FE400FA1B87 /* Build configuration list for PBXNativeTarget "FinalExamPart3" */ = {
			isa = XCConfigurationList;
			buildConfigurations = (
				9971F68F23AC7FE400FA1B87 /* Debug */,
				9971F69023AC7FE400FA1B87 /* Release */,
			);
			defaultConfigurationIsVisible = 0;
			defaultConfigurationName = Release;
		};
		9971F69123AC7FE400FA1B87 /* Build configuration list for PBXNativeTarget "FinalExamPart3Tests" */ = {
			isa = XCConfigurationList;
			buildConfigurations = (
				9971F69223AC7FE400FA1B87 /* Debug */,
				9971F69323AC7FE400FA1B87 /* Release */,
			);
			defaultConfigurationIsVisible = 0;
			defaultConfigurationName = Release;
		};
		9971F69423AC7FE400FA1B87 /* Build configuration list for PBXNativeTarget "FinalExamPart3UITests" */ = {
			isa = XCConfigurationList;
			buildConfigurations = (
				9971F69523AC7FE400FA1B87 /* Debug */,
				9971F69623AC7FE400FA1B87 /* Release */,
			);
			defaultConfigurationIsVisible = 0;
			defaultConfigurationName = Release;
		};
/* End XCConfigurationList section */
	};
	rootObject = 9971F65E23AC7FE300FA1B87 /* Project object */;
}
